
Microsoft Visual Studio Solution File, Format Version 12.00
# Visual Studio Version 17
VisualStudioVersion = 17.12.35521.163
MinimumVisualStudioVersion = 10.0.40219.1
Project("{2150E333-8FDC-42A3-9474-1A3956D46DE8}") = "Direct", "Direct", "{CCD7F6BB-7E2A-4C81-BA23-7C2F9170D9A4}"
EndProject
Project("{FAE04EC0-301F-11D3-BF4B-00C04F79EFBC}") = "Direct.Consumer", "Direct.Consumer\Direct.Consumer.csproj", "{EE46226F-968B-4BA9-BDB2-88BA6F818043}"
EndProject
Project("{FAE04EC0-301F-11D3-BF4B-00C04F79EFBC}") = "Direct.Producer", "Direct.Producer\Direct.Producer.csproj", "{F38FB72C-3AB8-4C0A-8223-D891E766ADC1}"
EndProject
Project("{FAE04EC0-301F-11D3-BF4B-00C04F79EFBC}") = "Direct.Shared", "Direct.Shared\Direct.Shared.csproj", "{21DE62BD-A956-472E-AC02-D16B2CEEF25C}"
EndProject
Project("{2150E333-8FDC-42A3-9474-1A3956D46DE8}") = "Fanout", "Fanout", "{ED572C9B-E123-4CB8-A8BD-56F770BBCC41}"
EndProject
Project("{2150E333-8FDC-42A3-9474-1A3956D46DE8}") = "Consumers", "Consumers", "{F5AE497E-5927-472C-8AD2-0CE130E1A058}"
EndProject
Project("{FAE04EC0-301F-11D3-BF4B-00C04F79EFBC}") = "Fanout.Consumers.OrderProcessor", "Fanout.Consumers.OrderProcessor\Fanout.Consumers.OrderProcessor.csproj", "{C1021AD4-2D03-4E96-A078-2340DDDCFC98}"
EndProject
Project("{FAE04EC0-301F-11D3-BF4B-00C04F79EFBC}") = "Fanout.Consumers.OrderSaver", "Fanout.Consumers.OrderSaver\Fanout.Consumers.OrderSaver.csproj", "{C1C5264A-37E4-46C7-A5F7-016FC8A4B346}"
EndProject
Project("{FAE04EC0-301F-11D3-BF4B-00C04F79EFBC}") = "Fanout.Consumers.EmailSender", "Fanout.Consumers.EmailSender\Fanout.Consumers.EmailSender.csproj", "{9E63BDE8-1D9E-4FFF-9C7E-ECD45877834E}"
EndProject
Project("{FAE04EC0-301F-11D3-BF4B-00C04F79EFBC}") = "Fanout.Producer", "Fanout.Producer\Fanout.Producer.csproj", "{805068C1-FECC-4F7C-A477-5CC964DC1378}"
EndProject
Project("{FAE04EC0-301F-11D3-BF4B-00C04F79EFBC}") = "Fanout.Shared", "Fanout.Shared\Fanout.Shared.csproj", "{1F37BFC7-8386-4718-8133-8E2EFD8A5265}"
EndProject
Project("{2150E333-8FDC-42A3-9474-1A3956D46DE8}") = "DLQ", "DLQ", "{D8219B52-6000-4B90-8448-82A7834DFD53}"
EndProject
Project("{FAE04EC0-301F-11D3-BF4B-00C04F79EFBC}") = "DLQ.Producer", "DLQ.Producer\DLQ.Producer.csproj", "{AC5E9534-04AA-4272-9A09-D959881A9AC3}"
EndProject
Project("{FAE04EC0-301F-11D3-BF4B-00C04F79EFBC}") = "DLQ.Consumer", "DLQ.Consumer\DLQ.Consumer.csproj", "{1D516ACD-4625-4069-B4FB-3303B464D2A9}"
EndProject
Project("{FAE04EC0-301F-11D3-BF4B-00C04F79EFBC}") = "DLQ.ErrorMonitoring", "DLQ.ErrorMonitoring\DLQ.ErrorMonitoring.csproj", "{AF54C5D0-72D1-4932-9514-B0FAA2636E8E}"
EndProject
Project("{2150E333-8FDC-42A3-9474-1A3956D46DE8}") = "Topic", "Topic", "{E9B044FB-80EB-4A1A-97A3-46D64DB1A3EF}"
EndProject
Project("{FAE04EC0-301F-11D3-BF4B-00C04F79EFBC}") = "Topic.Producer", "Topic.Producer\Topic.Producer.csproj", "{87FC55C9-CDC9-4340-B0BD-EE4372390972}"
EndProject
Project("{FAE04EC0-301F-11D3-BF4B-00C04F79EFBC}") = "Topic.Consumer", "Topic.Consumer\Topic.Consumer.csproj", "{CDBF1C6A-AE52-47E8-8CCF-EDA68F67CFDD}"
EndProject
Project("{2150E333-8FDC-42A3-9474-1A3956D46DE8}") = "RPC", "RPC", "{EF1F2AC1-0283-4854-B4A0-C7FA90E127DF}"
EndProject
Project("{FAE04EC0-301F-11D3-BF4B-00C04F79EFBC}") = "RPC.Client", "RPC.Client\RPC.Client.csproj", "{BD2086BF-8925-4952-A620-70CCA6D2DF2C}"
EndProject
Project("{FAE04EC0-301F-11D3-BF4B-00C04F79EFBC}") = "RPC.Server", "RPC.Server\RPC.Server.csproj", "{C4F4FD32-3B25-4D59-A131-D46EA74838CC}"
EndProject
Project("{FAE04EC0-301F-11D3-BF4B-00C04F79EFBC}") = "RPC.Shared", "RPC.Shared\RPC.Shared.csproj", "{AC0511CB-3AC9-40FD-BB72-AABAFC67ECCF}"
EndProject
Project("{2150E333-8FDC-42A3-9474-1A3956D46DE8}") = "Delayed", "Delayed", "{705F4DAB-4A5A-4C95-BAB0-3FE3C5C059CB}"
EndProject
Project("{FAE04EC0-301F-11D3-BF4B-00C04F79EFBC}") = "Delayed.Shared", "Delayed.Shared\Delayed.Shared.csproj", "{135DA692-0C9B-4747-81D6-1D3E94D46E09}"
EndProject
Project("{FAE04EC0-301F-11D3-BF4B-00C04F79EFBC}") = "Delayed.BillPayment", "Delayed.BillPayment\Delayed.BillPayment.csproj", "{9F8C0696-9351-4CB3-B97C-887CD27206ED}"
EndProject
Project("{FAE04EC0-301F-11D3-BF4B-00C04F79EFBC}") = "Delayed.Notification", "Delayed.Notification\Delayed.Notification.csproj", "{B22325B1-C8BD-4A51-B716-03D1A08FD28C}"
EndProject
Global
	GlobalSection(SolutionConfigurationPlatforms) = preSolution
		Debug|Any CPU = Debug|Any CPU
		Release|Any CPU = Release|Any CPU
	EndGlobalSection
	GlobalSection(ProjectConfigurationPlatforms) = postSolution
		{EE46226F-968B-4BA9-BDB2-88BA6F818043}.Debug|Any CPU.ActiveCfg = Debug|Any CPU
		{EE46226F-968B-4BA9-BDB2-88BA6F818043}.Debug|Any CPU.Build.0 = Debug|Any CPU
		{EE46226F-968B-4BA9-BDB2-88BA6F818043}.Release|Any CPU.ActiveCfg = Release|Any CPU
		{EE46226F-968B-4BA9-BDB2-88BA6F818043}.Release|Any CPU.Build.0 = Release|Any CPU
		{F38FB72C-3AB8-4C0A-8223-D891E766ADC1}.Debug|Any CPU.ActiveCfg = Debug|Any CPU
		{F38FB72C-3AB8-4C0A-8223-D891E766ADC1}.Debug|Any CPU.Build.0 = Debug|Any CPU
		{F38FB72C-3AB8-4C0A-8223-D891E766ADC1}.Release|Any CPU.ActiveCfg = Release|Any CPU
		{F38FB72C-3AB8-4C0A-8223-D891E766ADC1}.Release|Any CPU.Build.0 = Release|Any CPU
		{21DE62BD-A956-472E-AC02-D16B2CEEF25C}.Debug|Any CPU.ActiveCfg = Debug|Any CPU
		{21DE62BD-A956-472E-AC02-D16B2CEEF25C}.Debug|Any CPU.Build.0 = Debug|Any CPU
		{21DE62BD-A956-472E-AC02-D16B2CEEF25C}.Release|Any CPU.ActiveCfg = Release|Any CPU
		{21DE62BD-A956-472E-AC02-D16B2CEEF25C}.Release|Any CPU.Build.0 = Release|Any CPU
		{C1021AD4-2D03-4E96-A078-2340DDDCFC98}.Debug|Any CPU.ActiveCfg = Debug|Any CPU
		{C1021AD4-2D03-4E96-A078-2340DDDCFC98}.Debug|Any CPU.Build.0 = Debug|Any CPU
		{C1021AD4-2D03-4E96-A078-2340DDDCFC98}.Release|Any CPU.ActiveCfg = Release|Any CPU
		{C1021AD4-2D03-4E96-A078-2340DDDCFC98}.Release|Any CPU.Build.0 = Release|Any CPU
		{C1C5264A-37E4-46C7-A5F7-016FC8A4B346}.Debug|Any CPU.ActiveCfg = Debug|Any CPU
		{C1C5264A-37E4-46C7-A5F7-016FC8A4B346}.Debug|Any CPU.Build.0 = Debug|Any CPU
		{C1C5264A-37E4-46C7-A5F7-016FC8A4B346}.Release|Any CPU.ActiveCfg = Release|Any CPU
		{C1C5264A-37E4-46C7-A5F7-016FC8A4B346}.Release|Any CPU.Build.0 = Release|Any CPU
		{9E63BDE8-1D9E-4FFF-9C7E-ECD45877834E}.Debug|Any CPU.ActiveCfg = Debug|Any CPU
		{9E63BDE8-1D9E-4FFF-9C7E-ECD45877834E}.Debug|Any CPU.Build.0 = Debug|Any CPU
		{9E63BDE8-1D9E-4FFF-9C7E-ECD45877834E}.Release|Any CPU.ActiveCfg = Release|Any CPU
		{9E63BDE8-1D9E-4FFF-9C7E-ECD45877834E}.Release|Any CPU.Build.0 = Release|Any CPU
		{805068C1-FECC-4F7C-A477-5CC964DC1378}.Debug|Any CPU.ActiveCfg = Debug|Any CPU
		{805068C1-FECC-4F7C-A477-5CC964DC1378}.Debug|Any CPU.Build.0 = Debug|Any CPU
		{805068C1-FECC-4F7C-A477-5CC964DC1378}.Release|Any CPU.ActiveCfg = Release|Any CPU
		{805068C1-FECC-4F7C-A477-5CC964DC1378}.Release|Any CPU.Build.0 = Release|Any CPU
		{1F37BFC7-8386-4718-8133-8E2EFD8A5265}.Debug|Any CPU.ActiveCfg = Debug|Any CPU
		{1F37BFC7-8386-4718-8133-8E2EFD8A5265}.Debug|Any CPU.Build.0 = Debug|Any CPU
		{1F37BFC7-8386-4718-8133-8E2EFD8A5265}.Release|Any CPU.ActiveCfg = Release|Any CPU
		{1F37BFC7-8386-4718-8133-8E2EFD8A5265}.Release|Any CPU.Build.0 = Release|Any CPU
		{AC5E9534-04AA-4272-9A09-D959881A9AC3}.Debug|Any CPU.ActiveCfg = Debug|Any CPU
		{AC5E9534-04AA-4272-9A09-D959881A9AC3}.Debug|Any CPU.Build.0 = Debug|Any CPU
		{AC5E9534-04AA-4272-9A09-D959881A9AC3}.Release|Any CPU.ActiveCfg = Release|Any CPU
		{AC5E9534-04AA-4272-9A09-D959881A9AC3}.Release|Any CPU.Build.0 = Release|Any CPU
		{1D516ACD-4625-4069-B4FB-3303B464D2A9}.Debug|Any CPU.ActiveCfg = Debug|Any CPU
		{1D516ACD-4625-4069-B4FB-3303B464D2A9}.Debug|Any CPU.Build.0 = Debug|Any CPU
		{1D516ACD-4625-4069-B4FB-3303B464D2A9}.Release|Any CPU.ActiveCfg = Release|Any CPU
		{1D516ACD-4625-4069-B4FB-3303B464D2A9}.Release|Any CPU.Build.0 = Release|Any CPU
		{AF54C5D0-72D1-4932-9514-B0FAA2636E8E}.Debug|Any CPU.ActiveCfg = Debug|Any CPU
		{AF54C5D0-72D1-4932-9514-B0FAA2636E8E}.Debug|Any CPU.Build.0 = Debug|Any CPU
		{AF54C5D0-72D1-4932-9514-B0FAA2636E8E}.Release|Any CPU.ActiveCfg = Release|Any CPU
		{AF54C5D0-72D1-4932-9514-B0FAA2636E8E}.Release|Any CPU.Build.0 = Release|Any CPU
		{87FC55C9-CDC9-4340-B0BD-EE4372390972}.Debug|Any CPU.ActiveCfg = Debug|Any CPU
		{87FC55C9-CDC9-4340-B0BD-EE4372390972}.Debug|Any CPU.Build.0 = Debug|Any CPU
		{87FC55C9-CDC9-4340-B0BD-EE4372390972}.Release|Any CPU.ActiveCfg = Release|Any CPU
		{87FC55C9-CDC9-4340-B0BD-EE4372390972}.Release|Any CPU.Build.0 = Release|Any CPU
		{CDBF1C6A-AE52-47E8-8CCF-EDA68F67CFDD}.Debug|Any CPU.ActiveCfg = Debug|Any CPU
		{CDBF1C6A-AE52-47E8-8CCF-EDA68F67CFDD}.Debug|Any CPU.Build.0 = Debug|Any CPU
		{CDBF1C6A-AE52-47E8-8CCF-EDA68F67CFDD}.Release|Any CPU.ActiveCfg = Release|Any CPU
		{CDBF1C6A-AE52-47E8-8CCF-EDA68F67CFDD}.Release|Any CPU.Build.0 = Release|Any CPU
		{BD2086BF-8925-4952-A620-70CCA6D2DF2C}.Debug|Any CPU.ActiveCfg = Debug|Any CPU
		{BD2086BF-8925-4952-A620-70CCA6D2DF2C}.Debug|Any CPU.Build.0 = Debug|Any CPU
		{BD2086BF-8925-4952-A620-70CCA6D2DF2C}.Release|Any CPU.ActiveCfg = Release|Any CPU
		{BD2086BF-8925-4952-A620-70CCA6D2DF2C}.Release|Any CPU.Build.0 = Release|Any CPU
		{C4F4FD32-3B25-4D59-A131-D46EA74838CC}.Debug|Any CPU.ActiveCfg = Debug|Any CPU
		{C4F4FD32-3B25-4D59-A131-D46EA74838CC}.Debug|Any CPU.Build.0 = Debug|Any CPU
		{C4F4FD32-3B25-4D59-A131-D46EA74838CC}.Release|Any CPU.ActiveCfg = Release|Any CPU
		{C4F4FD32-3B25-4D59-A131-D46EA74838CC}.Release|Any CPU.Build.0 = Release|Any CPU
		{AC0511CB-3AC9-40FD-BB72-AABAFC67ECCF}.Debug|Any CPU.ActiveCfg = Debug|Any CPU
		{AC0511CB-3AC9-40FD-BB72-AABAFC67ECCF}.Debug|Any CPU.Build.0 = Debug|Any CPU
		{AC0511CB-3AC9-40FD-BB72-AABAFC67ECCF}.Release|Any CPU.ActiveCfg = Release|Any CPU
		{AC0511CB-3AC9-40FD-BB72-AABAFC67ECCF}.Release|Any CPU.Build.0 = Release|Any CPU
		{135DA692-0C9B-4747-81D6-1D3E94D46E09}.Debug|Any CPU.ActiveCfg = Debug|Any CPU
		{135DA692-0C9B-4747-81D6-1D3E94D46E09}.Debug|Any CPU.Build.0 = Debug|Any CPU
		{135DA692-0C9B-4747-81D6-1D3E94D46E09}.Release|Any CPU.ActiveCfg = Release|Any CPU
		{135DA692-0C9B-4747-81D6-1D3E94D46E09}.Release|Any CPU.Build.0 = Release|Any CPU
		{9F8C0696-9351-4CB3-B97C-887CD27206ED}.Debug|Any CPU.ActiveCfg = Debug|Any CPU
		{9F8C0696-9351-4CB3-B97C-887CD27206ED}.Debug|Any CPU.Build.0 = Debug|Any CPU
		{9F8C0696-9351-4CB3-B97C-887CD27206ED}.Release|Any CPU.ActiveCfg = Release|Any CPU
		{9F8C0696-9351-4CB3-B97C-887CD27206ED}.Release|Any CPU.Build.0 = Release|Any CPU
		{B22325B1-C8BD-4A51-B716-03D1A08FD28C}.Debug|Any CPU.ActiveCfg = Debug|Any CPU
		{B22325B1-C8BD-4A51-B716-03D1A08FD28C}.Debug|Any CPU.Build.0 = Debug|Any CPU
		{B22325B1-C8BD-4A51-B716-03D1A08FD28C}.Release|Any CPU.ActiveCfg = Release|Any CPU
		{B22325B1-C8BD-4A51-B716-03D1A08FD28C}.Release|Any CPU.Build.0 = Release|Any CPU
	EndGlobalSection
	GlobalSection(SolutionProperties) = preSolution
		HideSolutionNode = FALSE
	EndGlobalSection
	GlobalSection(NestedProjects) = preSolution
		{EE46226F-968B-4BA9-BDB2-88BA6F818043} = {CCD7F6BB-7E2A-4C81-BA23-7C2F9170D9A4}
		{F38FB72C-3AB8-4C0A-8223-D891E766ADC1} = {CCD7F6BB-7E2A-4C81-BA23-7C2F9170D9A4}
		{21DE62BD-A956-472E-AC02-D16B2CEEF25C} = {CCD7F6BB-7E2A-4C81-BA23-7C2F9170D9A4}
		{F5AE497E-5927-472C-8AD2-0CE130E1A058} = {ED572C9B-E123-4CB8-A8BD-56F770BBCC41}
		{C1021AD4-2D03-4E96-A078-2340DDDCFC98} = {F5AE497E-5927-472C-8AD2-0CE130E1A058}
		{C1C5264A-37E4-46C7-A5F7-016FC8A4B346} = {F5AE497E-5927-472C-8AD2-0CE130E1A058}
		{9E63BDE8-1D9E-4FFF-9C7E-ECD45877834E} = {F5AE497E-5927-472C-8AD2-0CE130E1A058}
		{805068C1-FECC-4F7C-A477-5CC964DC1378} = {ED572C9B-E123-4CB8-A8BD-56F770BBCC41}
		{1F37BFC7-8386-4718-8133-8E2EFD8A5265} = {ED572C9B-E123-4CB8-A8BD-56F770BBCC41}
		{AC5E9534-04AA-4272-9A09-D959881A9AC3} = {D8219B52-6000-4B90-8448-82A7834DFD53}
		{1D516ACD-4625-4069-B4FB-3303B464D2A9} = {D8219B52-6000-4B90-8448-82A7834DFD53}
		{AF54C5D0-72D1-4932-9514-B0FAA2636E8E} = {D8219B52-6000-4B90-8448-82A7834DFD53}
		{87FC55C9-CDC9-4340-B0BD-EE4372390972} = {E9B044FB-80EB-4A1A-97A3-46D64DB1A3EF}
		{CDBF1C6A-AE52-47E8-8CCF-EDA68F67CFDD} = {E9B044FB-80EB-4A1A-97A3-46D64DB1A3EF}
		{BD2086BF-8925-4952-A620-70CCA6D2DF2C} = {EF1F2AC1-0283-4854-B4A0-C7FA90E127DF}
		{C4F4FD32-3B25-4D59-A131-D46EA74838CC} = {EF1F2AC1-0283-4854-B4A0-C7FA90E127DF}
		{AC0511CB-3AC9-40FD-BB72-AABAFC67ECCF} = {EF1F2AC1-0283-4854-B4A0-C7FA90E127DF}
		{135DA692-0C9B-4747-81D6-1D3E94D46E09} = {705F4DAB-4A5A-4C95-BAB0-3FE3C5C059CB}
		{9F8C0696-9351-4CB3-B97C-887CD27206ED} = {705F4DAB-4A5A-4C95-BAB0-3FE3C5C059CB}
		{B22325B1-C8BD-4A51-B716-03D1A08FD28C} = {705F4DAB-4A5A-4C95-BAB0-3FE3C5C059CB}
	EndGlobalSection
EndGlobal
